
Microsoft Visual Studio Solution File, Format Version 12.00
# Visual Studio Version 17
VisualStudioVersion = 17.11.35222.181
MinimumVisualStudioVersion = 10.0.40219.1
Project("{FAE04EC0-301F-11D3-BF4B-00C04F79EFBC}") = "hoca ör 14", "hoca ör 14.csproj", "{CEFE8BBC-142A-4C75-93F1-DB62BF63E3C5}"
EndProject
Global
	GlobalSection(SolutionConfigurationPlatforms) = preSolution
		Debug|Any CPU = Debug|Any CPU
		Release|Any CPU = Release|Any CPU
	EndGlobalSection
	GlobalSection(ProjectConfigurationPlatforms) = postSolution
		{CEFE8BBC-142A-4C75-93F1-DB62BF63E3C5}.Debug|Any CPU.ActiveCfg = Debug|Any CPU
		{CEFE8BBC-142A-4C75-93F1-DB62BF63E3C5}.Debug|Any CPU.Build.0 = Debug|Any CPU
		{CEFE8BBC-142A-4C75-93F1-DB62BF63E3C5}.Release|Any CPU.ActiveCfg = Release|Any CPU
		{CEFE8BBC-142A-4C75-93F1-DB62BF63E3C5}.Release|Any CPU.Build.0 = Release|Any CPU
	EndGlobalSection
	GlobalSection(SolutionProperties) = preSolution
		HideSolutionNode = FALSE
	EndGlobalSection
	GlobalSection(ExtensibilityGlobals) = postSolution
		SolutionGuid = {42405B86-B568-4679-BFB2-89075B1B2B78}
	EndGlobalSection
EndGlobal
