
Microsoft Visual Studio Solution File, Format Version 12.00
# Visual Studio Version 17
VisualStudioVersion = 17.11.35222.181
MinimumVisualStudioVersion = 10.0.40219.1
Project("{FAE04EC0-301F-11D3-BF4B-00C04F79EFBC}") = "eşleştirme oyunu", "eşleştirme oyunu.csproj", "{8EF23125-DA03-4F38-B7F4-A4F5B0385536}"
EndProject
Global
	GlobalSection(SolutionConfigurationPlatforms) = preSolution
		Debug|Any CPU = Debug|Any CPU
		Release|Any CPU = Release|Any CPU
	EndGlobalSection
	GlobalSection(ProjectConfigurationPlatforms) = postSolution
		{8EF23125-DA03-4F38-B7F4-A4F5B0385536}.Debug|Any CPU.ActiveCfg = Debug|Any CPU
		{8EF23125-DA03-4F38-B7F4-A4F5B0385536}.Debug|Any CPU.Build.0 = Debug|Any CPU
		{8EF23125-DA03-4F38-B7F4-A4F5B0385536}.Release|Any CPU.ActiveCfg = Release|Any CPU
		{8EF23125-DA03-4F38-B7F4-A4F5B0385536}.Release|Any CPU.Build.0 = Release|Any CPU
	EndGlobalSection
	GlobalSection(SolutionProperties) = preSolution
		HideSolutionNode = FALSE
	EndGlobalSection
	GlobalSection(ExtensibilityGlobals) = postSolution
		SolutionGuid = {15D5F2DA-0EAE-4FF9-A7B2-1A02B19DA3A4}
	EndGlobalSection
EndGlobal
