
Microsoft Visual Studio Solution File, Format Version 12.00
# Visual Studio Version 17
VisualStudioVersion = 17.11.35222.181
MinimumVisualStudioVersion = 10.0.40219.1
Project("{FAE04EC0-301F-11D3-BF4B-00C04F79EFBC}") = "veritabanı yine", "veritabanı yine.csproj", "{10FECFF9-F0B6-486D-8C29-54818D6FA4C8}"
EndProject
Global
	GlobalSection(SolutionConfigurationPlatforms) = preSolution
		Debug|Any CPU = Debug|Any CPU
		Release|Any CPU = Release|Any CPU
	EndGlobalSection
	GlobalSection(ProjectConfigurationPlatforms) = postSolution
		{10FECFF9-F0B6-486D-8C29-54818D6FA4C8}.Debug|Any CPU.ActiveCfg = Debug|Any CPU
		{10FECFF9-F0B6-486D-8C29-54818D6FA4C8}.Debug|Any CPU.Build.0 = Debug|Any CPU
		{10FECFF9-F0B6-486D-8C29-54818D6FA4C8}.Release|Any CPU.ActiveCfg = Release|Any CPU
		{10FECFF9-F0B6-486D-8C29-54818D6FA4C8}.Release|Any CPU.Build.0 = Release|Any CPU
	EndGlobalSection
	GlobalSection(SolutionProperties) = preSolution
		HideSolutionNode = FALSE
	EndGlobalSection
	GlobalSection(ExtensibilityGlobals) = postSolution
		SolutionGuid = {863576DB-8F52-43A9-9C4E-232E6920B8F1}
	EndGlobalSection
EndGlobal
