
Microsoft Visual Studio Solution File, Format Version 12.00
# Visual Studio Version 17
VisualStudioVersion = 17.11.35222.181
MinimumVisualStudioVersion = 10.0.40219.1
Project("{FAE04EC0-301F-11D3-BF4B-00C04F79EFBC}") = "saçma şey 2", "saçma şey 2.csproj", "{BAFD345A-3436-43C9-9329-CE0EE86D3CFE}"
EndProject
Global
	GlobalSection(SolutionConfigurationPlatforms) = preSolution
		Debug|Any CPU = Debug|Any CPU
		Release|Any CPU = Release|Any CPU
	EndGlobalSection
	GlobalSection(ProjectConfigurationPlatforms) = postSolution
		{BAFD345A-3436-43C9-9329-CE0EE86D3CFE}.Debug|Any CPU.ActiveCfg = Debug|Any CPU
		{BAFD345A-3436-43C9-9329-CE0EE86D3CFE}.Debug|Any CPU.Build.0 = Debug|Any CPU
		{BAFD345A-3436-43C9-9329-CE0EE86D3CFE}.Release|Any CPU.ActiveCfg = Release|Any CPU
		{BAFD345A-3436-43C9-9329-CE0EE86D3CFE}.Release|Any CPU.Build.0 = Release|Any CPU
	EndGlobalSection
	GlobalSection(SolutionProperties) = preSolution
		HideSolutionNode = FALSE
	EndGlobalSection
	GlobalSection(ExtensibilityGlobals) = postSolution
		SolutionGuid = {95273864-E1D7-4D8A-9EC4-2395C7969EF5}
	EndGlobalSection
EndGlobal
