
Microsoft Visual Studio Solution File, Format Version 12.00
# Visual Studio Version 17
VisualStudioVersion = 17.11.35222.181
MinimumVisualStudioVersion = 10.0.40219.1
Project("{FAE04EC0-301F-11D3-BF4B-00C04F79EFBC}") = "2.ünite 10", "2.ünite 10.csproj", "{4046ADD7-355A-44CD-8FE5-A626F583B759}"
EndProject
Global
	GlobalSection(SolutionConfigurationPlatforms) = preSolution
		Debug|Any CPU = Debug|Any CPU
		Release|Any CPU = Release|Any CPU
	EndGlobalSection
	GlobalSection(ProjectConfigurationPlatforms) = postSolution
		{4046ADD7-355A-44CD-8FE5-A626F583B759}.Debug|Any CPU.ActiveCfg = Debug|Any CPU
		{4046ADD7-355A-44CD-8FE5-A626F583B759}.Debug|Any CPU.Build.0 = Debug|Any CPU
		{4046ADD7-355A-44CD-8FE5-A626F583B759}.Release|Any CPU.ActiveCfg = Release|Any CPU
		{4046ADD7-355A-44CD-8FE5-A626F583B759}.Release|Any CPU.Build.0 = Release|Any CPU
	EndGlobalSection
	GlobalSection(SolutionProperties) = preSolution
		HideSolutionNode = FALSE
	EndGlobalSection
	GlobalSection(ExtensibilityGlobals) = postSolution
		SolutionGuid = {FF0ED5A9-CBA7-4916-A678-0EF747D87756}
	EndGlobalSection
EndGlobal
