
Microsoft Visual Studio Solution File, Format Version 12.00
# Visual Studio Version 17
VisualStudioVersion = 17.11.35222.181
MinimumVisualStudioVersion = 10.0.40219.1
Project("{FAE04EC0-301F-11D3-BF4B-00C04F79EFBC}") = "butonların textini değiştiren kod", "butonların textini değiştiren kod.csproj", "{C11F848D-B7CA-40A0-A139-DC9D0366EE6A}"
EndProject
Global
	GlobalSection(SolutionConfigurationPlatforms) = preSolution
		Debug|Any CPU = Debug|Any CPU
		Release|Any CPU = Release|Any CPU
	EndGlobalSection
	GlobalSection(ProjectConfigurationPlatforms) = postSolution
		{C11F848D-B7CA-40A0-A139-DC9D0366EE6A}.Debug|Any CPU.ActiveCfg = Debug|Any CPU
		{C11F848D-B7CA-40A0-A139-DC9D0366EE6A}.Debug|Any CPU.Build.0 = Debug|Any CPU
		{C11F848D-B7CA-40A0-A139-DC9D0366EE6A}.Release|Any CPU.ActiveCfg = Release|Any CPU
		{C11F848D-B7CA-40A0-A139-DC9D0366EE6A}.Release|Any CPU.Build.0 = Release|Any CPU
	EndGlobalSection
	GlobalSection(SolutionProperties) = preSolution
		HideSolutionNode = FALSE
	EndGlobalSection
	GlobalSection(ExtensibilityGlobals) = postSolution
		SolutionGuid = {74D227F4-D8E2-4842-A432-2D5C3E11E0DE}
	EndGlobalSection
EndGlobal
