
Microsoft Visual Studio Solution File, Format Version 12.00
# Visual Studio Version 17
VisualStudioVersion = 17.11.35222.181
MinimumVisualStudioVersion = 10.0.40219.1
Project("{FAE04EC0-301F-11D3-BF4B-00C04F79EFBC}") = "15", "15.csproj", "{5635E3F5-7607-46FC-B904-BCCDA1966179}"
EndProject
Global
	GlobalSection(SolutionConfigurationPlatforms) = preSolution
		Debug|Any CPU = Debug|Any CPU
		Release|Any CPU = Release|Any CPU
	EndGlobalSection
	GlobalSection(ProjectConfigurationPlatforms) = postSolution
		{5635E3F5-7607-46FC-B904-BCCDA1966179}.Debug|Any CPU.ActiveCfg = Debug|Any CPU
		{5635E3F5-7607-46FC-B904-BCCDA1966179}.Debug|Any CPU.Build.0 = Debug|Any CPU
		{5635E3F5-7607-46FC-B904-BCCDA1966179}.Release|Any CPU.ActiveCfg = Release|Any CPU
		{5635E3F5-7607-46FC-B904-BCCDA1966179}.Release|Any CPU.Build.0 = Release|Any CPU
	EndGlobalSection
	GlobalSection(SolutionProperties) = preSolution
		HideSolutionNode = FALSE
	EndGlobalSection
	GlobalSection(ExtensibilityGlobals) = postSolution
		SolutionGuid = {0A28BD96-9FE4-40D4-A998-D994A4B9D47E}
	EndGlobalSection
EndGlobal
