
Microsoft Visual Studio Solution File, Format Version 12.00
# Visual Studio Version 17
VisualStudioVersion = 17.11.35222.181
MinimumVisualStudioVersion = 10.0.40219.1
Project("{FAE04EC0-301F-11D3-BF4B-00C04F79EFBC}") = "foto ayırmanın", "foto ayırmanın.csproj", "{4164C777-A26A-49F5-A5A6-C857844C60BA}"
EndProject
Global
	GlobalSection(SolutionConfigurationPlatforms) = preSolution
		Debug|Any CPU = Debug|Any CPU
		Release|Any CPU = Release|Any CPU
	EndGlobalSection
	GlobalSection(ProjectConfigurationPlatforms) = postSolution
		{4164C777-A26A-49F5-A5A6-C857844C60BA}.Debug|Any CPU.ActiveCfg = Debug|Any CPU
		{4164C777-A26A-49F5-A5A6-C857844C60BA}.Debug|Any CPU.Build.0 = Debug|Any CPU
		{4164C777-A26A-49F5-A5A6-C857844C60BA}.Release|Any CPU.ActiveCfg = Release|Any CPU
		{4164C777-A26A-49F5-A5A6-C857844C60BA}.Release|Any CPU.Build.0 = Release|Any CPU
	EndGlobalSection
	GlobalSection(SolutionProperties) = preSolution
		HideSolutionNode = FALSE
	EndGlobalSection
	GlobalSection(ExtensibilityGlobals) = postSolution
		SolutionGuid = {D5A552BC-121E-4713-8A78-BAE41C1C9159}
	EndGlobalSection
EndGlobal
