
Microsoft Visual Studio Solution File, Format Version 12.00
# Visual Studio Version 17
VisualStudioVersion = 17.11.35222.181
MinimumVisualStudioVersion = 10.0.40219.1
Project("{FAE04EC0-301F-11D3-BF4B-00C04F79EFBC}") = "yazılan harf kadar button oluşturan kod", "yazılan harf kadar button oluşturan kod.csproj", "{397DE23E-6479-4D6B-A51E-B6B8D49E1A77}"
EndProject
Global
	GlobalSection(SolutionConfigurationPlatforms) = preSolution
		Debug|Any CPU = Debug|Any CPU
		Release|Any CPU = Release|Any CPU
	EndGlobalSection
	GlobalSection(ProjectConfigurationPlatforms) = postSolution
		{397DE23E-6479-4D6B-A51E-B6B8D49E1A77}.Debug|Any CPU.ActiveCfg = Debug|Any CPU
		{397DE23E-6479-4D6B-A51E-B6B8D49E1A77}.Debug|Any CPU.Build.0 = Debug|Any CPU
		{397DE23E-6479-4D6B-A51E-B6B8D49E1A77}.Release|Any CPU.ActiveCfg = Release|Any CPU
		{397DE23E-6479-4D6B-A51E-B6B8D49E1A77}.Release|Any CPU.Build.0 = Release|Any CPU
	EndGlobalSection
	GlobalSection(SolutionProperties) = preSolution
		HideSolutionNode = FALSE
	EndGlobalSection
	GlobalSection(ExtensibilityGlobals) = postSolution
		SolutionGuid = {A06B6CDD-2D64-4E0D-BBF0-BD1A66DAF2A9}
	EndGlobalSection
EndGlobal
