
Microsoft Visual Studio Solution File, Format Version 12.00
# Visual Studio Version 17
VisualStudioVersion = 17.11.35222.181
MinimumVisualStudioVersion = 10.0.40219.1
Project("{FAE04EC0-301F-11D3-BF4B-00C04F79EFBC}") = "saçma sapan buton", "saçma sapan buton.csproj", "{581A9095-2328-40FF-BB07-39D94F960C51}"
EndProject
Global
	GlobalSection(SolutionConfigurationPlatforms) = preSolution
		Debug|Any CPU = Debug|Any CPU
		Release|Any CPU = Release|Any CPU
	EndGlobalSection
	GlobalSection(ProjectConfigurationPlatforms) = postSolution
		{581A9095-2328-40FF-BB07-39D94F960C51}.Debug|Any CPU.ActiveCfg = Debug|Any CPU
		{581A9095-2328-40FF-BB07-39D94F960C51}.Debug|Any CPU.Build.0 = Debug|Any CPU
		{581A9095-2328-40FF-BB07-39D94F960C51}.Release|Any CPU.ActiveCfg = Release|Any CPU
		{581A9095-2328-40FF-BB07-39D94F960C51}.Release|Any CPU.Build.0 = Release|Any CPU
	EndGlobalSection
	GlobalSection(SolutionProperties) = preSolution
		HideSolutionNode = FALSE
	EndGlobalSection
	GlobalSection(ExtensibilityGlobals) = postSolution
		SolutionGuid = {6C12EC65-3F7E-4D1E-A062-EAC0B2757F09}
	EndGlobalSection
EndGlobal
