
Microsoft Visual Studio Solution File, Format Version 12.00
# Visual Studio Version 17
VisualStudioVersion = 17.11.35222.181
MinimumVisualStudioVersion = 10.0.40219.1
Project("{FAE04EC0-301F-11D3-BF4B-00C04F79EFBC}") = "hoca ör 9", "hoca ör 9.csproj", "{72219E71-6257-4C8A-8352-F0E652990A51}"
EndProject
Global
	GlobalSection(SolutionConfigurationPlatforms) = preSolution
		Debug|Any CPU = Debug|Any CPU
		Release|Any CPU = Release|Any CPU
	EndGlobalSection
	GlobalSection(ProjectConfigurationPlatforms) = postSolution
		{72219E71-6257-4C8A-8352-F0E652990A51}.Debug|Any CPU.ActiveCfg = Debug|Any CPU
		{72219E71-6257-4C8A-8352-F0E652990A51}.Debug|Any CPU.Build.0 = Debug|Any CPU
		{72219E71-6257-4C8A-8352-F0E652990A51}.Release|Any CPU.ActiveCfg = Release|Any CPU
		{72219E71-6257-4C8A-8352-F0E652990A51}.Release|Any CPU.Build.0 = Release|Any CPU
	EndGlobalSection
	GlobalSection(SolutionProperties) = preSolution
		HideSolutionNode = FALSE
	EndGlobalSection
	GlobalSection(ExtensibilityGlobals) = postSolution
		SolutionGuid = {BE5CC1FC-2205-4D23-9A5A-A6E27F4C0661}
	EndGlobalSection
EndGlobal
