
Microsoft Visual Studio Solution File, Format Version 12.00
# Visual Studio Version 17
VisualStudioVersion = 17.11.35222.181
MinimumVisualStudioVersion = 10.0.40219.1
Project("{FAE04EC0-301F-11D3-BF4B-00C04F79EFBC}") = "2.ünite 1", "2.ünite 1.csproj", "{1292C1FD-7F4F-4766-867A-B1D83DC015B4}"
EndProject
Global
	GlobalSection(SolutionConfigurationPlatforms) = preSolution
		Debug|Any CPU = Debug|Any CPU
		Release|Any CPU = Release|Any CPU
	EndGlobalSection
	GlobalSection(ProjectConfigurationPlatforms) = postSolution
		{1292C1FD-7F4F-4766-867A-B1D83DC015B4}.Debug|Any CPU.ActiveCfg = Debug|Any CPU
		{1292C1FD-7F4F-4766-867A-B1D83DC015B4}.Debug|Any CPU.Build.0 = Debug|Any CPU
		{1292C1FD-7F4F-4766-867A-B1D83DC015B4}.Release|Any CPU.ActiveCfg = Release|Any CPU
		{1292C1FD-7F4F-4766-867A-B1D83DC015B4}.Release|Any CPU.Build.0 = Release|Any CPU
	EndGlobalSection
	GlobalSection(SolutionProperties) = preSolution
		HideSolutionNode = FALSE
	EndGlobalSection
	GlobalSection(ExtensibilityGlobals) = postSolution
		SolutionGuid = {040A2F86-EC6E-4F25-9B29-8182E040DA75}
	EndGlobalSection
EndGlobal
