
Microsoft Visual Studio Solution File, Format Version 12.00
# Visual Studio Version 17
VisualStudioVersion = 17.11.35222.181
MinimumVisualStudioVersion = 10.0.40219.1
Project("{FAE04EC0-301F-11D3-BF4B-00C04F79EFBC}") = "hoca 3", "hoca 3.csproj", "{ECAB8618-AF97-4B63-B5E7-4B8B705E3AAA}"
EndProject
Global
	GlobalSection(SolutionConfigurationPlatforms) = preSolution
		Debug|Any CPU = Debug|Any CPU
		Release|Any CPU = Release|Any CPU
	EndGlobalSection
	GlobalSection(ProjectConfigurationPlatforms) = postSolution
		{ECAB8618-AF97-4B63-B5E7-4B8B705E3AAA}.Debug|Any CPU.ActiveCfg = Debug|Any CPU
		{ECAB8618-AF97-4B63-B5E7-4B8B705E3AAA}.Debug|Any CPU.Build.0 = Debug|Any CPU
		{ECAB8618-AF97-4B63-B5E7-4B8B705E3AAA}.Release|Any CPU.ActiveCfg = Release|Any CPU
		{ECAB8618-AF97-4B63-B5E7-4B8B705E3AAA}.Release|Any CPU.Build.0 = Release|Any CPU
	EndGlobalSection
	GlobalSection(SolutionProperties) = preSolution
		HideSolutionNode = FALSE
	EndGlobalSection
	GlobalSection(ExtensibilityGlobals) = postSolution
		SolutionGuid = {EB4943F8-F29F-4EC3-AC15-DED457336DC1}
	EndGlobalSection
EndGlobal
